
Microsoft Visual Studio Solution File, Format Version 12.00
# Visual Studio Version 16
VisualStudioVersion = 16.0.30621.155
MinimumVisualStudioVersion = 10.0.40219.1
Project("{9A19103F-16F7-4668-BE54-9A1E7A4F7556}") = "ToDoList", "ToDoListLogin\ToDoList.csproj", "{A8C1832A-2084-4546-8248-B267C5F024F6}"
EndProject
Global
	GlobalSection(SolutionConfigurationPlatforms) = preSolution
		Debug|Any CPU = Debug|Any CPU
		Release|Any CPU = Release|Any CPU
	EndGlobalSection
	GlobalSection(ProjectConfigurationPlatforms) = postSolution
		{A8C1832A-2084-4546-8248-B267C5F024F6}.Debug|Any CPU.ActiveCfg = Debug|Any CPU
		{A8C1832A-2084-4546-8248-B267C5F024F6}.Debug|Any CPU.Build.0 = Debug|Any CPU
		{A8C1832A-2084-4546-8248-B267C5F024F6}.Release|Any CPU.ActiveCfg = Release|Any CPU
		{A8C1832A-2084-4546-8248-B267C5F024F6}.Release|Any CPU.Build.0 = Release|Any CPU
	EndGlobalSection
	GlobalSection(SolutionProperties) = preSolution
		HideSolutionNode = FALSE
	EndGlobalSection
	GlobalSection(ExtensibilityGlobals) = postSolution
		SolutionGuid = {55F88876-D34A-488E-B052-3E548DA80BFF}
	EndGlobalSection
EndGlobal
